PODS:
  - Capacitor (6.2.1):
    - CapacitorCordova
  - CapacitorCamera (6.1.3):
    - Capacitor
  - CapacitorCordova (6.2.1)
  - CapacitorShare (6.0.4):
    - Capacitor

DEPENDENCIES:
  - "Capacitor (from `../../node_modules/@capacitor/ios`)"
  - "CapacitorCamera (from `../../node_modules/@capacitor/camera`)"
  - "CapacitorCordova (from `../../node_modules/@capacitor/ios`)"
  - "CapacitorShare (from `../../node_modules/@capacitor/share`)"

EXTERNAL SOURCES:
  Capacitor:
    :path: "../../node_modules/@capacitor/ios"
  CapacitorCamera:
    :path: "../../node_modules/@capacitor/camera"
  CapacitorCordova:
    :path: "../../node_modules/@capacitor/ios"
  CapacitorShare:
    :path: "../../node_modules/@capacitor/share"

SPEC CHECKSUMS:
  Capacitor: c95400d761e376be9da6be5a05f226c0e865cebf
  CapacitorCamera: 5ba135b0cb55a788758139fa2404d726bf60f0f3
  CapacitorCordova: 8d93e14982f440181be7304aa9559ca631d77fff
  CapacitorShare: 77ff779e3b7c6ae9fb5461e52cf7ef805d429491

PODFILE CHECKSUM: 95826fa3cf1b7e11a2030321ad1254a9ddda8b97

COCOAPODS: 1.17.0
